{
    "_readme": [
        "This file locks the dependencies of your project to a known state",
        "Read more about it at https://getcomposer.org/doc/01-basic-usage.md#installing-dependencies",
        "This file is @generated automatically"
    ],
    "content-hash": "81182c2b4603c6af1b01e7c0a77bc723",
    "packages": [
        {
            "name": "rpurinton/https",
            "version": "1.0.19",
            "source": {
                "type": "git",
                "url": "https://github.com/rpurinton/https.git",
                "reference": "eb764d0ea9067090191cc2affb9597df946178a4"
            },
            "dist": {
                "type": "zip",
                "url": "https://api.github.com/repos/rpurinton/https/zipball/eb764d0ea9067090191cc2affb9597df946178a4",
                "reference": "eb764d0ea9067090191cc2affb9597df946178a4",
                "shasum": ""
            },
            "require": {
                "ext-curl": "*",
                "php": "^8.0"
            },
            "type": "library",
            "autoload": {
                "psr-4": {
                    "RPurinton\\": "src/"
                }
            },
            "notification-url": "https://packagist.org/downloads/",
            "license": [
                "MIT"
            ],
            "authors": [
                {
                    "name": "Russell Purinton",
                    "email": "russell.purinton@gmail.com"
                }
            ],
            "description": "Abstract Static Class for making HTTPS Requests in PHP/Composer",
            "support": {
                "issues": "https://github.com/rpurinton/https/issues",
                "source": "https://github.com/rpurinton/https/tree/1.0.19"
            },
            "time": "2025-03-03T10:29:38+00:00"
        }
    ],
    "packages-dev": [],
    "aliases": [],
    "minimum-stability": "stable",
    "stability-flags": {},
    "prefer-stable": false,
    "prefer-lowest": false,
    "platform": {
        "php": "^8.0"
    },
    "platform-dev": {},
    "plugin-api-version": "2.6.0"
}
